
Microsoft Visual Studio Solution File, Format Version 12.00
# Visual Studio Version 17
VisualStudioVersion = 17.5.002.0
MinimumVisualStudioVersion = 10.0.40219.1
Project("{9A19103F-16F7-4668-BE54-9A1E7A4F7556}") = "PmsApi", "PmsApi.csproj", "{DDE6CE87-B8ED-49CE-858D-07FC728D8016}"
EndProject
Global
	GlobalSection(SolutionConfigurationPlatforms) = preSolution
		Debug|Any CPU = Debug|Any CPU
		Release|Any CPU = Release|Any CPU
	EndGlobalSection
	GlobalSection(ProjectConfigurationPlatforms) = postSolution
		{DDE6CE87-B8ED-49CE-858D-07FC728D8016}.Debug|Any CPU.ActiveCfg = Debug|Any CPU
		{DDE6CE87-B8ED-49CE-858D-07FC728D8016}.Debug|Any CPU.Build.0 = Debug|Any CPU
		{DDE6CE87-B8ED-49CE-858D-07FC728D8016}.Release|Any CPU.ActiveCfg = Release|Any CPU
		{DDE6CE87-B8ED-49CE-858D-07FC728D8016}.Release|Any CPU.Build.0 = Release|Any CPU
	EndGlobalSection
	GlobalSection(SolutionProperties) = preSolution
		HideSolutionNode = FALSE
	EndGlobalSection
	GlobalSection(ExtensibilityGlobals) = postSolution
		SolutionGuid = {F00467C5-7088-44BF-8B00-E92B16AB4B16}
	EndGlobalSection
EndGlobal
